
Microsoft Visual Studio Solution File, Format Version 12.00
# Visual Studio Version 17
VisualStudioVersion = 17.9.34723.18
MinimumVisualStudioVersion = 10.0.40219.1
Project("{FAE04EC0-301F-11D3-BF4B-00C04F79EFBC}") = "CreateUser", "CreateUser\CreateUser.csproj", "{EF7DD89C-8025-400E-90B9-F64F08B323BA}"
EndProject
Global
	GlobalSection(SolutionConfigurationPlatforms) = preSolution
		Debug|Any CPU = Debug|Any CPU
		Release|Any CPU = Release|Any CPU
	EndGlobalSection
	GlobalSection(ProjectConfigurationPlatforms) = postSolution
		{EF7DD89C-8025-400E-90B9-F64F08B323BA}.Debug|Any CPU.ActiveCfg = Debug|Any CPU
		{EF7DD89C-8025-400E-90B9-F64F08B323BA}.Debug|Any CPU.Build.0 = Debug|Any CPU
		{EF7DD89C-8025-400E-90B9-F64F08B323BA}.Release|Any CPU.ActiveCfg = Release|Any CPU
		{EF7DD89C-8025-400E-90B9-F64F08B323BA}.Release|Any CPU.Build.0 = Release|Any CPU
	EndGlobalSection
	GlobalSection(SolutionProperties) = preSolution
		HideSolutionNode = FALSE
	EndGlobalSection
	GlobalSection(ExtensibilityGlobals) = postSolution
		SolutionGuid = {6C9620A3-D417-4331-A2AA-7C3267F181A1}
	EndGlobalSection
EndGlobal
